
Microsoft Visual Studio Solution File, Format Version 12.00
# Visual Studio Version 17
VisualStudioVersion = 17.7.34221.43
MinimumVisualStudioVersion = 10.0.40219.1
Project("{FAE04EC0-301F-11D3-BF4B-00C04F79EFBC}") = "WebAppBooks", "WebAppBooks\WebAppBooks.csproj", "{88AF36CD-F6D9-4373-86FF-E7AF1AE40D57}"
EndProject
Global
	GlobalSection(SolutionConfigurationPlatforms) = preSolution
		Debug|Any CPU = Debug|Any CPU
		Release|Any CPU = Release|Any CPU
	EndGlobalSection
	GlobalSection(ProjectConfigurationPlatforms) = postSolution
		{88AF36CD-F6D9-4373-86FF-E7AF1AE40D57}.Debug|Any CPU.ActiveCfg = Debug|Any CPU
		{88AF36CD-F6D9-4373-86FF-E7AF1AE40D57}.Debug|Any CPU.Build.0 = Debug|Any CPU
		{88AF36CD-F6D9-4373-86FF-E7AF1AE40D57}.Release|Any CPU.ActiveCfg = Release|Any CPU
		{88AF36CD-F6D9-4373-86FF-E7AF1AE40D57}.Release|Any CPU.Build.0 = Release|Any CPU
	EndGlobalSection
	GlobalSection(SolutionProperties) = preSolution
		HideSolutionNode = FALSE
	EndGlobalSection
	GlobalSection(ExtensibilityGlobals) = postSolution
		SolutionGuid = {15022471-7990-4406-A87C-1C9D42003179}
	EndGlobalSection
EndGlobal
